// !$*UTF8*$!
{
	archiveVersion = 1;
	classes = {
	};
	objectVersion = 46;
	objects = {

/* Begin PBXBuildFile section */
		3E646B8A1B05EF2A003F3311 /* main.m in Sources */ = {isa = PBXBuildFile; fileRef = 3E646B891B05EF2A003F3311 /* main.m */; };
		3E646B8D1B05EF2A003F3311 /* AppDelegate.m in Sources */ = {isa = PBXBuildFile; fileRef = 3E646B8C1B05EF2A003F3311 /* AppDelegate.m */; };
		3E646B901B05EF2A003F3311 /* ViewController.m in Sources */ = {isa = PBXBuildFile; fileRef = 3E646B8F1B05EF2A003F3311 /* ViewController.m */; };
		3E646B951B05EF2A003F3311 /* Images.xcassets in Resources */ = {isa = PBXBuildFile; fileRef = 3E646B941B05EF2A003F3311 /* Images.xcassets */; };
		3E646B981B05EF2A003F3311 /* LaunchScreen.xib in Resources */ = {isa = PBXBuildFile; fileRef = 3E646B961B05EF2A003F3311 /* LaunchScreen.xib */; };
		3E646BA41B05EF2A003F3311 /* CustomCalenderTests.m in Sources */ = {isa = PBXBuildFile; fileRef = 3E646BA31B05EF2A003F3311 /* CustomCalenderTests.m */; };
		3E646BAE1B05EF94003F3311 /* ViewController.xib in Resources */ = {isa = PBXBuildFile; fileRef = 3E646BAD1B05EF94003F3311 /* ViewController.xib */; };
		3EACA0BB1B098D05002FB55B /* DayButtonCell.m in Sources */ = {isa = PBXBuildFile; fileRef = 3EACA0BA1B098D05002FB55B /* DayButtonCell.m */; };
		3EACA0BD1B098D14002FB55B /* DayButtonCell.xib in Resources */ = {isa = PBXBuildFile; fileRef = 3EACA0BC1B098D14002FB55B /* DayButtonCell.xib */; };
/* End PBXBuildFile section */

/* Begin PBXContainerItemProxy section */
		3E646B9E1B05EF2A003F3311 /* PBXContainerItemProxy */ = {
			isa = PBXContainerItemProxy;
			containerPortal = 3E646B7C1B05EF2A003F3311 /* Project object */;
			proxyType = 1;
			remoteGlobalIDString = 3E646B831B05EF2A003F3311;
			remoteInfo = CustomCalender;
		};
/* End PBXContainerItemProxy section */

/* Begin PBXFileReference section */
		3E3FE1DE1B0AD48100AECF89 /* Constants.h */ = {isa = PBXFileReference; fileEncoding = 4; lastKnownFileType = sourcecode.c.h; path = Constants.h; sourceTree = "<group>"; };
		3E646B841B05EF2A003F3311 /* CustomCalender.app */ = {isa = PBXFileReference; explicitFileType = wrapper.application; includeInIndex = 0; path = CustomCalender.app; sourceTree = BUILT_PRODUCTS_DIR; };
		3E646B881B05EF2A003F3311 /* Info.plist */ = {isa = PBXFileReference; lastKnownFileType = text.plist.xml; path = Info.plist; sourceTree = "<group>"; };
		3E646B891B05EF2A003F3311 /* main.m */ = {isa = PBXFileReference; lastKnownFileType = sourcecode.c.objc; path = main.m; sourceTree = "<group>"; };
		3E646B8B1B05EF2A003F3311 /* AppDelegate.h */ = {isa = PBXFileReference; lastKnownFileType = sourcecode.c.h; path = AppDelegate.h; sourceTree = "<group>"; };
		3E646B8C1B05EF2A003F3311 /* AppDelegate.m */ = {isa = PBXFileReference; lastKnownFileType = sourcecode.c.objc; path = AppDelegate.m; sourceTree = "<group>"; };
		3E646B8E1B05EF2A003F3311 /* ViewController.h */ = {isa = PBXFileReference; lastKnownFileType = sourcecode.c.h; path = ViewController.h; sourceTree = "<group>"; };
		3E646B8F1B05EF2A003F3311 /* ViewController.m */ = {isa = PBXFileReference; lastKnownFileType = sourcecode.c.objc; path = ViewController.m; sourceTree = "<group>"; };
		3E646B941B05EF2A003F3311 /* Images.xcassets */ = {isa = PBXFileReference; lastKnownFileType = folder.assetcatalog; path = Images.xcassets; sourceTree = "<group>"; };
		3E646B971B05EF2A003F3311 /* Base */ = {isa = PBXFileReference; lastKnownFileType = file.xib; name = Base; path = Base.lproj/LaunchScreen.xib; sourceTree = "<group>"; };
		3E646B9D1B05EF2A003F3311 /* CustomCalenderTests.xctest */ = {isa = PBXFileReference; explicitFileType = wrapper.cfbundle; includeInIndex = 0; path = CustomCalenderTests.xctest; sourceTree = BUILT_PRODUCTS_DIR; };
		3E646BA21B05EF2A003F3311 /* Info.plist */ = {isa = PBXFileReference; lastKnownFileType = text.plist.xml; path = Info.plist; sourceTree = "<group>"; };
		3E646BA31B05EF2A003F3311 /* CustomCalenderTests.m */ = {isa = PBXFileReference; lastKnownFileType = sourcecode.c.objc; path = CustomCalenderTests.m; sourceTree = "<group>"; };
		3E646BAD1B05EF94003F3311 /* ViewController.xib */ = {isa = PBXFileReference; fileEncoding = 4; lastKnownFileType = file.xib; path = ViewController.xib; sourceTree = "<group>"; };
		3EACA0B91B098D05002FB55B /* DayButtonCell.h */ = {isa = PBXFileReference; fileEncoding = 4; lastKnownFileType = sourcecode.c.h; path = DayButtonCell.h; sourceTree = "<group>"; };
		3EACA0BA1B098D05002FB55B /* DayButtonCell.m */ = {isa = PBXFileReference; fileEncoding = 4; lastKnownFileType = sourcecode.c.objc; path = DayButtonCell.m; sourceTree = "<group>"; };
		3EACA0BC1B098D14002FB55B /* DayButtonCell.xib */ = {isa = PBXFileReference; fileEncoding = 4; lastKnownFileType = file.xib; path = DayButtonCell.xib; sourceTree = "<group>"; };
/* End PBXFileReference section */

/* Begin PBXFrameworksBuildPhase section */
		3E646B811B05EF2A003F3311 /* Frameworks */ = {
			isa = PBXFrameworksBuildPhase;
			buildActionMask = 2147483647;
			files = (
			);
			runOnlyForDeploymentPostprocessing = 0;
		};
		3E646B9A1B05EF2A003F3311 /* Frameworks */ = {
			isa = PBXFrameworksBuildPhase;
			buildActionMask = 2147483647;
			files = (
			);
			runOnlyForDeploymentPostprocessing = 0;
		};
/* End PBXFrameworksBuildPhase section */

/* Begin PBXGroup section */
		3E646B7B1B05EF2A003F3311 = {
			isa = PBXGroup;
			children = (
				3E646B861B05EF2A003F3311 /* CustomCalender */,
				3E646BA01B05EF2A003F3311 /* CustomCalenderTests */,
				3E646B851B05EF2A003F3311 /* Products */,
			);
			sourceTree = "<group>";
		};
		3E646B851B05EF2A003F3311 /* Products */ = {
			isa = PBXGroup;
			children = (
				3E646B841B05EF2A003F3311 /* CustomCalender.app */,
				3E646B9D1B05EF2A003F3311 /* CustomCalenderTests.xctest */,
			);
			name = Products;
			sourceTree = "<group>";
		};
		3E646B861B05EF2A003F3311 /* CustomCalender */ = {
			isa = PBXGroup;
			children = (
				3EACA0B81B098CBE002FB55B /* CustomViews */,
				3E646B8B1B05EF2A003F3311 /* AppDelegate.h */,
				3E646B8C1B05EF2A003F3311 /* AppDelegate.m */,
				3E646B8E1B05EF2A003F3311 /* ViewController.h */,
				3E646B8F1B05EF2A003F3311 /* ViewController.m */,
				3E646BAD1B05EF94003F3311 /* ViewController.xib */,
				3E3FE1DE1B0AD48100AECF89 /* Constants.h */,
				3E646B941B05EF2A003F3311 /* Images.xcassets */,
				3E646B961B05EF2A003F3311 /* LaunchScreen.xib */,
				3E646B871B05EF2A003F3311 /* Supporting Files */,
			);
			path = CustomCalender;
			sourceTree = "<group>";
		};
		3E646B871B05EF2A003F3311 /* Supporting Files */ = {
			isa = PBXGroup;
			children = (
				3E646B881B05EF2A003F3311 /* Info.plist */,
				3E646B891B05EF2A003F3311 /* main.m */,
			);
			name = "Supporting Files";
			sourceTree = "<group>";
		};
		3E646BA01B05EF2A003F3311 /* CustomCalenderTests */ = {
			isa = PBXGroup;
			children = (
				3E646BA31B05EF2A003F3311 /* CustomCalenderTests.m */,
				3E646BA11B05EF2A003F3311 /* Supporting Files */,
			);
			path = CustomCalenderTests;
			sourceTree = "<group>";
		};
		3E646BA11B05EF2A003F3311 /* Supporting Files */ = {
			isa = PBXGroup;
			children = (
				3E646BA21B05EF2A003F3311 /* Info.plist */,
			);
			name = "Supporting Files";
			sourceTree = "<group>";
		};
		3EACA0B81B098CBE002FB55B /* CustomViews */ = {
			isa = PBXGroup;
			children = (
				3EACA0B91B098D05002FB55B /* DayButtonCell.h */,
				3EACA0BA1B098D05002FB55B /* DayButtonCell.m */,
				3EACA0BC1B098D14002FB55B /* DayButtonCell.xib */,
			);
			path = CustomViews;
			sourceTree = "<group>";
		};
/* End PBXGroup section */

/* Begin PBXNativeTarget section */
		3E646B831B05EF2A003F3311 /* CustomCalender */ = {
			isa = PBXNativeTarget;
			buildConfigurationList = 3E646BA71B05EF2A003F3311 /* Build configuration list for PBXNativeTarget "CustomCalender" */;
			buildPhases = (
				3E646B801B05EF2A003F3311 /* Sources */,
				3E646B811B05EF2A003F3311 /* Frameworks */,
				3E646B821B05EF2A003F3311 /* Resources */,
			);
			buildRules = (
			);
			dependencies = (
			);
			name = CustomCalender;
			productName = CustomCalender;
			productReference = 3E646B841B05EF2A003F3311 /* CustomCalender.app */;
			productType = "com.apple.product-type.application";
		};
		3E646B9C1B05EF2A003F3311 /* CustomCalenderTests */ = {
			isa = PBXNativeTarget;
			buildConfigurationList = 3E646BAA1B05EF2A003F3311 /* Build configuration list for PBXNativeTarget "CustomCalenderTests" */;
			buildPhases = (
				3E646B991B05EF2A003F3311 /* Sources */,
				3E646B9A1B05EF2A003F3311 /* Frameworks */,
				3E646B9B1B05EF2A003F3311 /* Resources */,
			);
			buildRules = (
			);
			dependencies = (
				3E646B9F1B05EF2A003F3311 /* PBXTargetDependency */,
			);
			name = CustomCalenderTests;
			productName = CustomCalenderTests;
			productReference = 3E646B9D1B05EF2A003F3311 /* CustomCalenderTests.xctest */;
			productType = "com.apple.product-type.bundle.unit-test";
		};
/* End PBXNativeTarget section */

/* Begin PBXProject section */
		3E646B7C1B05EF2A003F3311 /* Project object */ = {
			isa = PBXProject;
			attributes = {
				LastUpgradeCheck = 0610;
				ORGANIZATIONNAME = "Preety Pednekar";
				TargetAttributes = {
					3E646B831B05EF2A003F3311 = {
						CreatedOnToolsVersion = 6.1.1;
					};
					3E646B9C1B05EF2A003F3311 = {
						CreatedOnToolsVersion = 6.1.1;
						TestTargetID = 3E646B831B05EF2A003F3311;
					};
				};
			};
			buildConfigurationList = 3E646B7F1B05EF2A003F3311 /* Build configuration list for PBXProject "CustomCalender" */;
			compatibilityVersion = "Xcode 3.2";
			developmentRegion = English;
			hasScannedForEncodings = 0;
			knownRegions = (
				en,
				Base,
			);
			mainGroup = 3E646B7B1B05EF2A003F3311;
			productRefGroup = 3E646B851B05EF2A003F3311 /* Products */;
			projectDirPath = "";
			projectRoot = "";
			targets = (
				3E646B831B05EF2A003F3311 /* CustomCalender */,
				3E646B9C1B05EF2A003F3311 /* CustomCalenderTests */,
			);
		};
/* End PBXProject section */

/* Begin PBXResourcesBuildPhase section */
		3E646B821B05EF2A003F3311 /* Resources */ = {
			isa = PBXResourcesBuildPhase;
			buildActionMask = 2147483647;
			files = (
				3EACA0BD1B098D14002FB55B /* DayButtonCell.xib in Resources */,
				3E646B981B05EF2A003F3311 /* LaunchScreen.xib in Resources */,
				3E646BAE1B05EF94003F3311 /* ViewController.xib in Resources */,
				3E646B951B05EF2A003F3311 /* Images.xcassets in Resources */,
			);
			runOnlyForDeploymentPostprocessing = 0;
		};
		3E646B9B1B05EF2A003F3311 /* Resources */ = {
			isa = PBXResourcesBuildPhase;
			buildActionMask = 2147483647;
			files = (
			);
			runOnlyForDeploymentPostprocessing = 0;
		};
/* End PBXResourcesBuildPhase section */

/* Begin PBXSourcesBuildPhase section */
		3E646B801B05EF2A003F3311 /* Sources */ = {
			isa = PBXSourcesBuildPhase;
			buildActionMask = 2147483647;
			files = (
				3EACA0BB1B098D05002FB55B /* DayButtonCell.m in Sources */,
				3E646B901B05EF2A003F3311 /* ViewController.m in Sources */,
				3E646B8D1B05EF2A003F3311 /* AppDelegate.m in Sources */,
				3E646B8A1B05EF2A003F3311 /* main.m in Sources */,
			);
			runOnlyForDeploymentPostprocessing = 0;
		};
		3E646B991B05EF2A003F3311 /* Sources */ = {
			isa = PBXSourcesBuildPhase;
			buildActionMask = 2147483647;
			files = (
				3E646BA41B05EF2A003F3311 /* CustomCalenderTests.m in Sources */,
			);
			runOnlyForDeploymentPostprocessing = 0;
		};
/* End PBXSourcesBuildPhase section */

/* Begin PBXTargetDependency section */
		3E646B9F1B05EF2A003F3311 /* PBXTargetDependency */ = {
			isa = PBXTargetDependency;
			target = 3E646B831B05EF2A003F3311 /* CustomCalender */;
			targetProxy = 3E646B9E1B05EF2A003F3311 /* PBXContainerItemProxy */;
		};
/* End PBXTargetDependency section */

/* Begin PBXVariantGroup section */
		3E646B961B05EF2A003F3311 /* LaunchScreen.xib */ = {
			isa = PBXVariantGroup;
			children = (
				3E646B971B05EF2A003F3311 /* Base */,
			);
			name = LaunchScreen.xib;
			sourceTree = "<group>";
		};
/* End PBXVariantGroup section */

/* Begin XCBuildConfiguration section */
		3E646BA51B05EF2A003F3311 /* Debug */ = {
			isa = XCBuildConfiguration;
			buildSettings = {
				ALWAYS_SEARCH_USER_PATHS = NO;
				CLANG_CXX_LANGUAGE_STANDARD = "gnu++0x";
				CLANG_CXX_LIBRARY = "libc++";
				CLANG_ENABLE_MODULES = YES;
				CLANG_ENABLE_OBJC_ARC = YES;
				CLANG_WARN_BOOL_CONVERSION = YES;
				CLANG_WARN_CONSTANT_CONVERSION = YES;
				CLANG_WARN_DIRECT_OBJC_ISA_USAGE = YES_ERROR;
				CLANG_WARN_EMPTY_BODY = YES;
				CLANG_WARN_ENUM_CONVERSION = YES;
				CLANG_WARN_INT_CONVERSION = YES;
				CLANG_WARN_OBJC_ROOT_CLASS = YES_ERROR;
				CLANG_WARN_UNREACHABLE_CODE = YES;
				CLANG_WARN__DUPLICATE_METHOD_MATCH = YES;
				"CODE_SIGN_IDENTITY[sdk=iphoneos*]" = "iPhone Developer";
				COPY_PHASE_STRIP = NO;
				ENABLE_STRICT_OBJC_MSGSEND = YES;
				GCC_C_LANGUAGE_STANDARD = gnu99;
				GCC_DYNAMIC_NO_PIC = NO;
				GCC_OPTIMIZATION_LEVEL = 0;
				GCC_PREPROCESSOR_DEFINITIONS = (
					"DEBUG=1",
					"$(inherited)",
				);
				GCC_SYMBOLS_PRIVATE_EXTERN = NO;
				GCC_WARN_64_TO_32_BIT_CONVERSION = YES;
				GCC_WARN_ABOUT_RETURN_TYPE = YES_ERROR;
				GCC_WARN_UNDECLARED_SELECTOR = YES;
				GCC_WARN_UNINITIALIZED_AUTOS = YES_AGGRESSIVE;
				GCC_WARN_UNUSED_FUNCTION = YES;
				GCC_WARN_UNUSED_VARIABLE = YES;
				IBSC_FLATTEN_NIBS = NO;
				IPHONEOS_DEPLOYMENT_TARGET = 8.1;
				MTL_ENABLE_DEBUG_INFO = YES;
				ONLY_ACTIVE_ARCH = YES;
				SDKROOT = iphoneos;
				TARGETED_DEVICE_FAMILY = "1,2";
			};
			name = Debug;
		};
		3E646BA61B05EF2A003F3311 /* Release */ = {
			isa = XCBuildConfiguration;
			buildSettings = {
				ALWAYS_SEARCH_USER_PATHS = NO;
				CLANG_CXX_LANGUAGE_STANDARD = "gnu++0x";
				CLANG_CXX_LIBRARY = "libc++";
				CLANG_ENABLE_MODULES = YES;
				CLANG_ENABLE_OBJC_ARC = YES;
				CLANG_WARN_BOOL_CONVERSION = YES;
				CLANG_WARN_CONSTANT_CONVERSION = YES;
				CLANG_WARN_DIRECT_OBJC_ISA_USAGE = YES_ERROR;
				CLANG_WARN_EMPTY_BODY = YES;
				CLANG_WARN_ENUM_CONVERSION = YES;
				CLANG_WARN_INT_CONVERSION = YES;
				CLANG_WARN_OBJC_ROOT_CLASS = YES_ERROR;
				CLANG_WARN_UNREACHABLE_CODE = YES;
				CLANG_WARN__DUPLICATE_METHOD_MATCH = YES;
				"CODE_SIGN_IDENTITY[sdk=iphoneos*]" = "iPhone Developer";
				COPY_PHASE_STRIP = YES;
				ENABLE_NS_ASSERTIONS = NO;
				ENABLE_STRICT_OBJC_MSGSEND = YES;
				GCC_C_LANGUAGE_STANDARD = gnu99;
				GCC_WARN_64_TO_32_BIT_CONVERSION = YES;
				GCC_WARN_ABOUT_RETURN_TYPE = YES_ERROR;
				GCC_WARN_UNDECLARED_SELECTOR = YES;
				GCC_WARN_UNINITIALIZED_AUTOS = YES_AGGRESSIVE;
				GCC_WARN_UNUSED_FUNCTION = YES;
				GCC_WARN_UNUSED_VARIABLE = YES;
				IBSC_FLATTEN_NIBS = NO;
				IPHONEOS_DEPLOYMENT_TARGET = 8.1;
				MTL_ENABLE_DEBUG_INFO = NO;
				SDKROOT = iphoneos;
				TARGETED_DEVICE_FAMILY = "1,2";
				VALIDATE_PRODUCT = YES;
			};
			name = Release;
		};
		3E646BA81B05EF2A003F3311 /* Debug */ = {
			isa = XCBuildConfiguration;
			buildSettings = {
				ASSETCATALOG_COMPILER_APPICON_NAME = AppIcon;
				INFOPLIST_FILE = CustomCalender/Info.plist;
				LD_RUNPATH_SEARCH_PATHS = "$(inherited) @executable_path/Frameworks";
				PRODUCT_NAME = "$(TARGET_NAME)";
				TARGETED_DEVICE_FAMILY = 1;
			};
			name = Debug;
		};
		3E646BA91B05EF2A003F3311 /* Release */ = {
			isa = XCBuildConfiguration;
			buildSettings = {
				ASSETCATALOG_COMPILER_APPICON_NAME = AppIcon;
				INFOPLIST_FILE = CustomCalender/Info.plist;
				LD_RUNPATH_SEARCH_PATHS = "$(inherited) @executable_path/Frameworks";
				PRODUCT_NAME = "$(TARGET_NAME)";
				TARGETED_DEVICE_FAMILY = 1;
			};
			name = Release;
		};
		3E646BAB1B05EF2A003F3311 /* Debug */ = {
			isa = XCBuildConfiguration;
			buildSettings = {
				BUNDLE_LOADER = "$(TEST_HOST)";
				FRAMEWORK_SEARCH_PATHS = (
					"$(SDKROOT)/Developer/Library/Frameworks",
					"$(inherited)",
				);
				GCC_PREPROCESSOR_DEFINITIONS = (
					"DEBUG=1",
					"$(inherited)",
				);
				INFOPLIST_FILE = CustomCalenderTests/Info.plist;
				LD_RUNPATH_SEARCH_PATHS = "$(inherited) @executable_path/Frameworks @loader_path/Frameworks";
				PRODUCT_NAME = "$(TARGET_NAME)";
				TEST_HOST = "$(BUILT_PRODUCTS_DIR)/CustomCalender.app/CustomCalender";
			};
			name = Debug;
		};
		3E646BAC1B05EF2A003F3311 /* Release */ = {
			isa = XCBuildConfiguration;
			buildSettings = {
				BUNDLE_LOADER = "$(TEST_HOST)";
				FRAMEWORK_SEARCH_PATHS = (
					"$(SDKROOT)/Developer/Library/Frameworks",
					"$(inherited)",
				);
				INFOPLIST_FILE = CustomCalenderTests/Info.plist;
				LD_RUNPATH_SEARCH_PATHS = "$(inherited) @executable_path/Frameworks @loader_path/Frameworks";
				PRODUCT_NAME = "$(TARGET_NAME)";
				TEST_HOST = "$(BUILT_PRODUCTS_DIR)/CustomCalender.app/CustomCalender";
			};
			name = Release;
		};
/* End XCBuildConfiguration section */

/* Begin XCConfigurationList section */
		3E646B7F1B05EF2A003F3311 /* Build configuration list for PBXProject "CustomCalender" */ = {
			isa = XCConfigurationList;
			buildConfigurations = (
				3E646BA51B05EF2A003F3311 /* Debug */,
				3E646BA61B05EF2A003F3311 /* Release */,
			);
			defaultConfigurationIsVisible = 0;
			defaultConfigurationName = Release;
		};
		3E646BA71B05EF2A003F3311 /* Build configuration list for PBXNativeTarget "CustomCalender" */ = {
			isa = XCConfigurationList;
			buildConfigurations = (
				3E646BA81B05EF2A003F3311 /* Debug */,
				3E646BA91B05EF2A003F3311 /* Release */,
			);
			defaultConfigurationIsVisible = 0;
			defaultConfigurationName = Release;
		};
		3E646BAA1B05EF2A003F3311 /* Build configuration list for PBXNativeTarget "CustomCalenderTests" */ = {
			isa = XCConfigurationList;
			buildConfigurations = (
				3E646BAB1B05EF2A003F3311 /* Debug */,
				3E646BAC1B05EF2A003F3311 /* Release */,
			);
			defaultConfigurationIsVisible = 0;
			defaultConfigurationName = Release;
		};
/* End XCConfigurationList section */
	};
	rootObject = 3E646B7C1B05EF2A003F3311 /* Project object */;
}
